// !$*UTF8*$!
{
	archiveVersion = 1;
	classes = {
	};
	objectVersion = 51;
	objects = {

/* Begin PBXBuildFile section */
		B5E2F4CFAF3154F49F6846C7 /* Pods_spotify_home_objcTests.framework in Frameworks */ = {isa = PBXBuildFile; fileRef = F2893B5E33148F5A1F8C8922 /* Pods_spotify_home_objcTests.framework */; };
		E67D7EA3E3EC99571EE9C950 /* Pods_spotify_home_objc.framework in Frameworks */ = {isa = PBXBuildFile; fileRef = BCBF25A85421B01F2089E632 /* Pods_spotify_home_objc.framework */; };
		FF164AF8245C3B2D00536236 /* UIView+Extensions.m in Sources */ = {isa = PBXBuildFile; fileRef = FF164AF7245C3B2D00536236 /* UIView+Extensions.m */; };
		FF164AFB245C3CBC00536236 /* AnchoredConstraints.m in Sources */ = {isa = PBXBuildFile; fileRef = FF164AFA245C3CBC00536236 /* AnchoredConstraints.m */; };
		FF164B00245C51A500536236 /* SPTItemCellCollectionViewCell.m in Sources */ = {isa = PBXBuildFile; fileRef = FF164AFF245C51A500536236 /* SPTItemCellCollectionViewCell.m */; };
		FF164B03245C650A00536236 /* MediaItemView.m in Sources */ = {isa = PBXBuildFile; fileRef = FF164B02245C650A00536236 /* MediaItemView.m */; };
		FF164B07245C686C00536236 /* UIColor+BrandColors.m in Sources */ = {isa = PBXBuildFile; fileRef = FF164B06245C686C00536236 /* UIColor+BrandColors.m */; };
		FF164B0C245C71EA00536236 /* HomeTableView.m in Sources */ = {isa = PBXBuildFile; fileRef = FF164B0A245C71EA00536236 /* HomeTableView.m */; };
		FF164B10245C724100536236 /* CarouselTableViewCell.m in Sources */ = {isa = PBXBuildFile; fileRef = FF164B0F245C724100536236 /* CarouselTableViewCell.m */; };
		FF2E11A5245B1154008A2DA2 /* AppDelegate.m in Sources */ = {isa = PBXBuildFile; fileRef = FF2E11A4245B1154008A2DA2 /* AppDelegate.m */; };
		FF2E11A8245B1154008A2DA2 /* SceneDelegate.m in Sources */ = {isa = PBXBuildFile; fileRef = FF2E11A7245B1154008A2DA2 /* SceneDelegate.m */; };
		FF2E11B0245B1155008A2DA2 /* Assets.xcassets in Resources */ = {isa = PBXBuildFile; fileRef = FF2E11AF245B1155008A2DA2 /* Assets.xcassets */; };
		FF2E11B3245B1155008A2DA2 /* LaunchScreen.storyboard in Resources */ = {isa = PBXBuildFile; fileRef = FF2E11B1245B1155008A2DA2 /* LaunchScreen.storyboard */; };
		FF2E11B6245B1155008A2DA2 /* main.m in Sources */ = {isa = PBXBuildFile; fileRef = FF2E11B5245B1155008A2DA2 /* main.m */; };
		FF2E11C0245B1155008A2DA2 /* spotify_home_objcTests.m in Sources */ = {isa = PBXBuildFile; fileRef = FF2E11BF245B1155008A2DA2 /* spotify_home_objcTests.m */; };
		FF509BD124600A7900890036 /* test-data.json in Resources */ = {isa = PBXBuildFile; fileRef = FF509BD024600A7900890036 /* test-data.json */; };
		FFAAC316245D6D77005840A2 /* GridTableViewCell.m in Sources */ = {isa = PBXBuildFile; fileRef = FFAAC315245D6D77005840A2 /* GridTableViewCell.m */; };
		FFAAC31C245D76ED005840A2 /* CarouselCollectionView.m in Sources */ = {isa = PBXBuildFile; fileRef = FFAAC31B245D76ED005840A2 /* CarouselCollectionView.m */; };
		FFAAC321245D7B9D005840A2 /* CarouselCollectionViewCell.m in Sources */ = {isa = PBXBuildFile; fileRef = FFAAC320245D7B9D005840A2 /* CarouselCollectionViewCell.m */; };
		FFAAC324245D8D10005840A2 /* GridCollectionViewCell.m in Sources */ = {isa = PBXBuildFile; fileRef = FFAAC323245D8D10005840A2 /* GridCollectionViewCell.m */; };
		FFAAC327245D8F48005840A2 /* GridCollectionView.m in Sources */ = {isa = PBXBuildFile; fileRef = FFAAC326245D8F48005840A2 /* GridCollectionView.m */; };
		FFAAC32B245D9D48005840A2 /* ItemsViewModel.m in Sources */ = {isa = PBXBuildFile; fileRef = FFAAC32A245D9D48005840A2 /* ItemsViewModel.m */; };
		FFAAC32F245D9F82005840A2 /* HomeViewController.m in Sources */ = {isa = PBXBuildFile; fileRef = FFAAC32E245D9F82005840A2 /* HomeViewController.m */; };
		FFC3BC61245B18CD00C6E7CF /* Artist.m in Sources */ = {isa = PBXBuildFile; fileRef = FFC3BC60245B18CD00C6E7CF /* Artist.m */; };
		FFC3BC64245B19F100C6E7CF /* Track.m in Sources */ = {isa = PBXBuildFile; fileRef = FFC3BC63245B19F100C6E7CF /* Track.m */; };
		FFC3BC67245B1B0A00C6E7CF /* Album.m in Sources */ = {isa = PBXBuildFile; fileRef = FFC3BC66245B1B0A00C6E7CF /* Album.m */; };
		FFC3BC6A245B1BCA00C6E7CF /* ItemImage.m in Sources */ = {isa = PBXBuildFile; fileRef = FFC3BC69245B1BCA00C6E7CF /* ItemImage.m */; };
		FFC3BC6E245B1E0900C6E7CF /* Common.m in Sources */ = {isa = PBXBuildFile; fileRef = FFC3BC6D245B1E0900C6E7CF /* Common.m */; };
/* End PBXBuildFile section */

/* Begin PBXContainerItemProxy section */
		FF2E11BC245B1155008A2DA2 /* PBXContainerItemProxy */ = {
			isa = PBXContainerItemProxy;
			containerPortal = FF2E1198245B1154008A2DA2 /* Project object */;
			proxyType = 1;
			remoteGlobalIDString = FF2E119F245B1154008A2DA2;
			remoteInfo = "spotify-home-objc";
		};
/* End PBXContainerItemProxy section */

/* Begin PBXFileReference section */
		43AD5707D849E295305C79B4 /* Pods-spotify-home-objc.release.xcconfig */ = {isa = PBXFileReference; includeInIndex = 1; lastKnownFileType = text.xcconfig; name = "Pods-spotify-home-objc.release.xcconfig"; path = "Target Support Files/Pods-spotify-home-objc/Pods-spotify-home-objc.release.xcconfig"; sourceTree = "<group>"; };
		79F4F4237906B1232AC776C7 /* Pods-spotify-home-objcTests.release.xcconfig */ = {isa = PBXFileReference; includeInIndex = 1; lastKnownFileType = text.xcconfig; name = "Pods-spotify-home-objcTests.release.xcconfig"; path = "Target Support Files/Pods-spotify-home-objcTests/Pods-spotify-home-objcTests.release.xcconfig"; sourceTree = "<group>"; };
		BCBF25A85421B01F2089E632 /* Pods_spotify_home_objc.framework */ = {isa = PBXFileReference; explicitFileType = wrapper.framework; includeInIndex = 0; path = Pods_spotify_home_objc.framework; sourceTree = BUILT_PRODUCTS_DIR; };
		C97313F86BB47C0D24911656 /* Pods-spotify-home-objc.debug.xcconfig */ = {isa = PBXFileReference; includeInIndex = 1; lastKnownFileType = text.xcconfig; name = "Pods-spotify-home-objc.debug.xcconfig"; path = "Target Support Files/Pods-spotify-home-objc/Pods-spotify-home-objc.debug.xcconfig"; sourceTree = "<group>"; };
		E73D448719E643EACA8DF66E /* Pods-spotify-home-objcTests.debug.xcconfig */ = {isa = PBXFileReference; includeInIndex = 1; lastKnownFileType = text.xcconfig; name = "Pods-spotify-home-objcTests.debug.xcconfig"; path = "Target Support Files/Pods-spotify-home-objcTests/Pods-spotify-home-objcTests.debug.xcconfig"; sourceTree = "<group>"; };
		F2893B5E33148F5A1F8C8922 /* Pods_spotify_home_objcTests.framework */ = {isa = PBXFileReference; explicitFileType = wrapper.framework; includeInIndex = 0; path = Pods_spotify_home_objcTests.framework; sourceTree = BUILT_PRODUCTS_DIR; };
		FF164AF6245C3B2D00536236 /* UIView+Extensions.h */ = {isa = PBXFileReference; lastKnownFileType = sourcecode.c.h; path = "UIView+Extensions.h"; sourceTree = "<group>"; };
		FF164AF7245C3B2D00536236 /* UIView+Extensions.m */ = {isa = PBXFileReference; lastKnownFileType = sourcecode.c.objc; path = "UIView+Extensions.m"; sourceTree = "<group>"; };
		FF164AF9245C3CBC00536236 /* AnchoredConstraints.h */ = {isa = PBXFileReference; lastKnownFileType = sourcecode.c.h; path = AnchoredConstraints.h; sourceTree = "<group>"; };
		FF164AFA245C3CBC00536236 /* AnchoredConstraints.m */ = {isa = PBXFileReference; lastKnownFileType = sourcecode.c.objc; path = AnchoredConstraints.m; sourceTree = "<group>"; };
		FF164AFE245C51A500536236 /* SPTItemCellCollectionViewCell.h */ = {isa = PBXFileReference; lastKnownFileType = sourcecode.c.h; path = SPTItemCellCollectionViewCell.h; sourceTree = "<group>"; };
		FF164AFF245C51A500536236 /* SPTItemCellCollectionViewCell.m */ = {isa = PBXFileReference; lastKnownFileType = sourcecode.c.objc; path = SPTItemCellCollectionViewCell.m; sourceTree = "<group>"; };
		FF164B01245C650A00536236 /* MediaItemView.h */ = {isa = PBXFileReference; lastKnownFileType = sourcecode.c.h; path = MediaItemView.h; sourceTree = "<group>"; };
		FF164B02245C650A00536236 /* MediaItemView.m */ = {isa = PBXFileReference; lastKnownFileType = sourcecode.c.objc; path = MediaItemView.m; sourceTree = "<group>"; };
		FF164B05245C686C00536236 /* UIColor+BrandColors.h */ = {isa = PBXFileReference; fileEncoding = 4; lastKnownFileType = sourcecode.c.h; path = "UIColor+BrandColors.h"; sourceTree = "<group>"; };
		FF164B06245C686C00536236 /* UIColor+BrandColors.m */ = {isa = PBXFileReference; fileEncoding = 4; lastKnownFileType = sourcecode.c.objc; path = "UIColor+BrandColors.m"; sourceTree = "<group>"; };
		FF164B0A245C71EA00536236 /* HomeTableView.m */ = {isa = PBXFileReference; fileEncoding = 4; lastKnownFileType = sourcecode.c.objc; path = HomeTableView.m; sourceTree = "<group>"; };
		FF164B0B245C71EA00536236 /* HomeTableView.h */ = {isa = PBXFileReference; fileEncoding = 4; lastKnownFileType = sourcecode.c.h; path = HomeTableView.h; sourceTree = "<group>"; };
		FF164B0E245C724100536236 /* CarouselTableViewCell.h */ = {isa = PBXFileReference; lastKnownFileType = sourcecode.c.h; path = CarouselTableViewCell.h; sourceTree = "<group>"; };
		FF164B0F245C724100536236 /* CarouselTableViewCell.m */ = {isa = PBXFileReference; lastKnownFileType = sourcecode.c.objc; path = CarouselTableViewCell.m; sourceTree = "<group>"; };
		FF2E11A0245B1154008A2DA2 /* spotify-home-objc.app */ = {isa = PBXFileReference; explicitFileType = wrapper.application; includeInIndex = 0; path = "spotify-home-objc.app"; sourceTree = BUILT_PRODUCTS_DIR; };
		FF2E11A3245B1154008A2DA2 /* AppDelegate.h */ = {isa = PBXFileReference; lastKnownFileType = sourcecode.c.h; path = AppDelegate.h; sourceTree = "<group>"; };
		FF2E11A4245B1154008A2DA2 /* AppDelegate.m */ = {isa = PBXFileReference; lastKnownFileType = sourcecode.c.objc; path = AppDelegate.m; sourceTree = "<group>"; };
		FF2E11A6245B1154008A2DA2 /* SceneDelegate.h */ = {isa = PBXFileReference; lastKnownFileType = sourcecode.c.h; path = SceneDelegate.h; sourceTree = "<group>"; };
		FF2E11A7245B1154008A2DA2 /* SceneDelegate.m */ = {isa = PBXFileReference; lastKnownFileType = sourcecode.c.objc; path = SceneDelegate.m; sourceTree = "<group>"; };
		FF2E11AF245B1155008A2DA2 /* Assets.xcassets */ = {isa = PBXFileReference; lastKnownFileType = folder.assetcatalog; path = Assets.xcassets; sourceTree = "<group>"; };
		FF2E11B2245B1155008A2DA2 /* Base */ = {isa = PBXFileReference; lastKnownFileType = file.storyboard; name = Base; path = Base.lproj/LaunchScreen.storyboard; sourceTree = "<group>"; };
		FF2E11B4245B1155008A2DA2 /* Info.plist */ = {isa = PBXFileReference; lastKnownFileType = text.plist.xml; path = Info.plist; sourceTree = "<group>"; };
		FF2E11B5245B1155008A2DA2 /* main.m */ = {isa = PBXFileReference; lastKnownFileType = sourcecode.c.objc; path = main.m; sourceTree = "<group>"; };
		FF2E11BB245B1155008A2DA2 /* spotify-home-objcTests.xctest */ = {isa = PBXFileReference; explicitFileType = wrapper.cfbundle; includeInIndex = 0; path = "spotify-home-objcTests.xctest"; sourceTree = BUILT_PRODUCTS_DIR; };
		FF2E11BF245B1155008A2DA2 /* spotify_home_objcTests.m */ = {isa = PBXFileReference; lastKnownFileType = sourcecode.c.objc; path = spotify_home_objcTests.m; sourceTree = "<group>"; };
		FF2E11C1245B1155008A2DA2 /* Info.plist */ = {isa = PBXFileReference; lastKnownFileType = text.plist.xml; path = Info.plist; sourceTree = "<group>"; };
		FF2E11CA245B14A9008A2DA2 /* spotify-home-objc-Bridging-Header.h */ = {isa = PBXFileReference; lastKnownFileType = sourcecode.c.h; path = "spotify-home-objc-Bridging-Header.h"; sourceTree = "<group>"; };
		FF509BD024600A7900890036 /* test-data.json */ = {isa = PBXFileReference; lastKnownFileType = text.json; path = "test-data.json"; sourceTree = "<group>"; };
		FFAAC314245D6D77005840A2 /* GridTableViewCell.h */ = {isa = PBXFileReference; lastKnownFileType = sourcecode.c.h; path = GridTableViewCell.h; sourceTree = "<group>"; };
		FFAAC315245D6D77005840A2 /* GridTableViewCell.m */ = {isa = PBXFileReference; lastKnownFileType = sourcecode.c.objc; path = GridTableViewCell.m; sourceTree = "<group>"; };
		FFAAC31A245D76ED005840A2 /* CarouselCollectionView.h */ = {isa = PBXFileReference; lastKnownFileType = sourcecode.c.h; path = CarouselCollectionView.h; sourceTree = "<group>"; };
		FFAAC31B245D76ED005840A2 /* CarouselCollectionView.m */ = {isa = PBXFileReference; lastKnownFileType = sourcecode.c.objc; path = CarouselCollectionView.m; sourceTree = "<group>"; };
		FFAAC31F245D7B9D005840A2 /* CarouselCollectionViewCell.h */ = {isa = PBXFileReference; lastKnownFileType = sourcecode.c.h; path = CarouselCollectionViewCell.h; sourceTree = "<group>"; };
		FFAAC320245D7B9D005840A2 /* CarouselCollectionViewCell.m */ = {isa = PBXFileReference; lastKnownFileType = sourcecode.c.objc; path = CarouselCollectionViewCell.m; sourceTree = "<group>"; };
		FFAAC322245D8D10005840A2 /* GridCollectionViewCell.h */ = {isa = PBXFileReference; lastKnownFileType = sourcecode.c.h; path = GridCollectionViewCell.h; sourceTree = "<group>"; };
		FFAAC323245D8D10005840A2 /* GridCollectionViewCell.m */ = {isa = PBXFileReference; lastKnownFileType = sourcecode.c.objc; path = GridCollectionViewCell.m; sourceTree = "<group>"; };
		FFAAC325245D8F48005840A2 /* GridCollectionView.h */ = {isa = PBXFileReference; lastKnownFileType = sourcecode.c.h; path = GridCollectionView.h; sourceTree = "<group>"; };
		FFAAC326245D8F48005840A2 /* GridCollectionView.m */ = {isa = PBXFileReference; lastKnownFileType = sourcecode.c.objc; path = GridCollectionView.m; sourceTree = "<group>"; };
		FFAAC329245D9D48005840A2 /* ItemsViewModel.h */ = {isa = PBXFileReference; lastKnownFileType = sourcecode.c.h; path = ItemsViewModel.h; sourceTree = "<group>"; };
		FFAAC32A245D9D48005840A2 /* ItemsViewModel.m */ = {isa = PBXFileReference; lastKnownFileType = sourcecode.c.objc; path = ItemsViewModel.m; sourceTree = "<group>"; };
		FFAAC32D245D9F82005840A2 /* HomeViewController.h */ = {isa = PBXFileReference; lastKnownFileType = sourcecode.c.h; path = HomeViewController.h; sourceTree = "<group>"; };
		FFAAC32E245D9F82005840A2 /* HomeViewController.m */ = {isa = PBXFileReference; lastKnownFileType = sourcecode.c.objc; path = HomeViewController.m; sourceTree = "<group>"; };
		FFC3BC5F245B18CD00C6E7CF /* Artist.h */ = {isa = PBXFileReference; lastKnownFileType = sourcecode.c.h; path = Artist.h; sourceTree = "<group>"; };
		FFC3BC60245B18CD00C6E7CF /* Artist.m */ = {isa = PBXFileReference; lastKnownFileType = sourcecode.c.objc; path = Artist.m; sourceTree = "<group>"; };
		FFC3BC62245B19F100C6E7CF /* Track.h */ = {isa = PBXFileReference; lastKnownFileType = sourcecode.c.h; path = Track.h; sourceTree = "<group>"; };
		FFC3BC63245B19F100C6E7CF /* Track.m */ = {isa = PBXFileReference; lastKnownFileType = sourcecode.c.objc; path = Track.m; sourceTree = "<group>"; };
		FFC3BC65245B1B0A00C6E7CF /* Album.h */ = {isa = PBXFileReference; lastKnownFileType = sourcecode.c.h; path = Album.h; sourceTree = "<group>"; };
		FFC3BC66245B1B0A00C6E7CF /* Album.m */ = {isa = PBXFileReference; lastKnownFileType = sourcecode.c.objc; path = Album.m; sourceTree = "<group>"; };
		FFC3BC68245B1BCA00C6E7CF /* ItemImage.h */ = {isa = PBXFileReference; lastKnownFileType = sourcecode.c.h; path = ItemImage.h; sourceTree = "<group>"; };
		FFC3BC69245B1BCA00C6E7CF /* ItemImage.m */ = {isa = PBXFileReference; lastKnownFileType = sourcecode.c.objc; path = ItemImage.m; sourceTree = "<group>"; };
		FFC3BC6C245B1E0900C6E7CF /* Common.h */ = {isa = PBXFileReference; lastKnownFileType = sourcecode.c.h; path = Common.h; sourceTree = "<group>"; };
		FFC3BC6D245B1E0900C6E7CF /* Common.m */ = {isa = PBXFileReference; lastKnownFileType = sourcecode.c.objc; path = Common.m; sourceTree = "<group>"; };
/* End PBXFileReference section */

/* Begin PBXFrameworksBuildPhase section */
		FF2E119D245B1154008A2DA2 /* Frameworks */ = {
			isa = PBXFrameworksBuildPhase;
			buildActionMask = 2147483647;
			files = (
				E67D7EA3E3EC99571EE9C950 /* Pods_spotify_home_objc.framework in Frameworks */,
			);
			runOnlyForDeploymentPostprocessing = 0;
		};
		FF2E11B8245B1155008A2DA2 /* Frameworks */ = {
			isa = PBXFrameworksBuildPhase;
			buildActionMask = 2147483647;
			files = (
				B5E2F4CFAF3154F49F6846C7 /* Pods_spotify_home_objcTests.framework in Frameworks */,
			);
			runOnlyForDeploymentPostprocessing = 0;
		};
/* End PBXFrameworksBuildPhase section */

/* Begin PBXGroup section */
		A44F2881833E868DFE09EAEC /* Pods */ = {
			isa = PBXGroup;
			children = (
				C97313F86BB47C0D24911656 /* Pods-spotify-home-objc.debug.xcconfig */,
				43AD5707D849E295305C79B4 /* Pods-spotify-home-objc.release.xcconfig */,
				E73D448719E643EACA8DF66E /* Pods-spotify-home-objcTests.debug.xcconfig */,
				79F4F4237906B1232AC776C7 /* Pods-spotify-home-objcTests.release.xcconfig */,
			);
			path = Pods;
			sourceTree = "<group>";
		};
		ABB5A1F75D62C8AF075C4859 /* Frameworks */ = {
			isa = PBXGroup;
			children = (
				BCBF25A85421B01F2089E632 /* Pods_spotify_home_objc.framework */,
				F2893B5E33148F5A1F8C8922 /* Pods_spotify_home_objcTests.framework */,
			);
			name = Frameworks;
			sourceTree = "<group>";
		};
		FF164AF5245C3B1000536236 /* Extensions */ = {
			isa = PBXGroup;
			children = (
				FF164AF6245C3B2D00536236 /* UIView+Extensions.h */,
				FF164AF7245C3B2D00536236 /* UIView+Extensions.m */,
				FF164AF9245C3CBC00536236 /* AnchoredConstraints.h */,
				FF164AFA245C3CBC00536236 /* AnchoredConstraints.m */,
			);
			path = Extensions;
			sourceTree = "<group>";
		};
		FF164AFC245C518B00536236 /* Design_System */ = {
			isa = PBXGroup;
			children = (
				FF164B04245C685F00536236 /* Colors */,
				FF164AFD245C519500536236 /* Components */,
			);
			path = Design_System;
			sourceTree = "<group>";
		};
		FF164AFD245C519500536236 /* Components */ = {
			isa = PBXGroup;
			children = (
				FF164AFE245C51A500536236 /* SPTItemCellCollectionViewCell.h */,
				FF164AFF245C51A500536236 /* SPTItemCellCollectionViewCell.m */,
				FF164B01245C650A00536236 /* MediaItemView.h */,
				FF164B02245C650A00536236 /* MediaItemView.m */,
			);
			path = Components;
			sourceTree = "<group>";
		};
		FF164B04245C685F00536236 /* Colors */ = {
			isa = PBXGroup;
			children = (
				FF164B05245C686C00536236 /* UIColor+BrandColors.h */,
				FF164B06245C686C00536236 /* UIColor+BrandColors.m */,
			);
			path = Colors;
			sourceTree = "<group>";
		};
		FF164B08245C71D000536236 /* Views */ = {
			isa = PBXGroup;
			children = (
				FFAAC317245D76B0005840A2 /* CollectionView */,
				FF164B09245C71D400536236 /* TableView */,
			);
			path = Views;
			sourceTree = "<group>";
		};
		FF164B09245C71D400536236 /* TableView */ = {
			isa = PBXGroup;
			children = (
				FF164B0D245C71F000536236 /* Cell */,
				FF164B0B245C71EA00536236 /* HomeTableView.h */,
				FF164B0A245C71EA00536236 /* HomeTableView.m */,
			);
			path = TableView;
			sourceTree = "<group>";
		};
		FF164B0D245C71F000536236 /* Cell */ = {
			isa = PBXGroup;
			children = (
				FF164B0E245C724100536236 /* CarouselTableViewCell.h */,
				FF164B0F245C724100536236 /* CarouselTableViewCell.m */,
				FFAAC314245D6D77005840A2 /* GridTableViewCell.h */,
				FFAAC315245D6D77005840A2 /* GridTableViewCell.m */,
			);
			path = Cell;
			sourceTree = "<group>";
		};
		FF2E1197245B1154008A2DA2 = {
			isa = PBXGroup;
			children = (
				FF2E11A2245B1154008A2DA2 /* spotify-home-objc */,
				FF2E11BE245B1155008A2DA2 /* spotify-home-objcTests */,
				FF2E11A1245B1154008A2DA2 /* Products */,
				A44F2881833E868DFE09EAEC /* Pods */,
				ABB5A1F75D62C8AF075C4859 /* Frameworks */,
			);
			sourceTree = "<group>";
		};
		FF2E11A1245B1154008A2DA2 /* Products */ = {
			isa = PBXGroup;
			children = (
				FF2E11A0245B1154008A2DA2 /* spotify-home-objc.app */,
				FF2E11BB245B1155008A2DA2 /* spotify-home-objcTests.xctest */,
			);
			name = Products;
			sourceTree = "<group>";
		};
		FF2E11A2245B1154008A2DA2 /* spotify-home-objc */ = {
			isa = PBXGroup;
			children = (
				FF509BCF2460007700890036 /* Data */,
				FFAAC32C245D9F6A005840A2 /* Controllers */,
				FFAAC328245D9D36005840A2 /* View_Models */,
				FF164B08245C71D000536236 /* Views */,
				FF164AFC245C518B00536236 /* Design_System */,
				FF164AF5245C3B1000536236 /* Extensions */,
				FFC3BC6B245B1DFB00C6E7CF /* Common */,
				FF2E11CF245B1540008A2DA2 /* Models */,
				FF2E11CD245B14D3008A2DA2 /* Application */,
				FF2E11AF245B1155008A2DA2 /* Assets.xcassets */,
				FF2E11B1245B1155008A2DA2 /* LaunchScreen.storyboard */,
				FF2E11B4245B1155008A2DA2 /* Info.plist */,
				FF2E11B5245B1155008A2DA2 /* main.m */,
				FF2E11CA245B14A9008A2DA2 /* spotify-home-objc-Bridging-Header.h */,
			);
			path = "spotify-home-objc";
			sourceTree = "<group>";
		};
		FF2E11BE245B1155008A2DA2 /* spotify-home-objcTests */ = {
			isa = PBXGroup;
			children = (
				FF2E11BF245B1155008A2DA2 /* spotify_home_objcTests.m */,
				FF2E11C1245B1155008A2DA2 /* Info.plist */,
			);
			path = "spotify-home-objcTests";
			sourceTree = "<group>";
		};
		FF2E11CD245B14D3008A2DA2 /* Application */ = {
			isa = PBXGroup;
			children = (
				FF2E11A3245B1154008A2DA2 /* AppDelegate.h */,
				FF2E11A4245B1154008A2DA2 /* AppDelegate.m */,
				FF2E11A6245B1154008A2DA2 /* SceneDelegate.h */,
				FF2E11A7245B1154008A2DA2 /* SceneDelegate.m */,
			);
			path = Application;
			sourceTree = "<group>";
		};
		FF2E11CF245B1540008A2DA2 /* Models */ = {
			isa = PBXGroup;
			children = (
				FFC3BC5F245B18CD00C6E7CF /* Artist.h */,
				FFC3BC68245B1BCA00C6E7CF /* ItemImage.h */,
				FFC3BC69245B1BCA00C6E7CF /* ItemImage.m */,
				FFC3BC60245B18CD00C6E7CF /* Artist.m */,
				FFC3BC62245B19F100C6E7CF /* Track.h */,
				FFC3BC63245B19F100C6E7CF /* Track.m */,
				FFC3BC65245B1B0A00C6E7CF /* Album.h */,
				FFC3BC66245B1B0A00C6E7CF /* Album.m */,
			);
			path = Models;
			sourceTree = "<group>";
		};
		FF509BCF2460007700890036 /* Data */ = {
			isa = PBXGroup;
			children = (
				FF509BD024600A7900890036 /* test-data.json */,
			);
			path = Data;
			sourceTree = "<group>";
		};
		FFAAC317245D76B0005840A2 /* CollectionView */ = {
			isa = PBXGroup;
			children = (
				FFAAC319245D76BF005840A2 /* Grid */,
				FFAAC318245D76B9005840A2 /* Carousel */,
			);
			path = CollectionView;
			sourceTree = "<group>";
		};
		FFAAC318245D76B9005840A2 /* Carousel */ = {
			isa = PBXGroup;
			children = (
				FFAAC31A245D76ED005840A2 /* CarouselCollectionView.h */,
				FFAAC31B245D76ED005840A2 /* CarouselCollectionView.m */,
				FFAAC31F245D7B9D005840A2 /* CarouselCollectionViewCell.h */,
				FFAAC320245D7B9D005840A2 /* CarouselCollectionViewCell.m */,
			);
			path = Carousel;
			sourceTree = "<group>";
		};
		FFAAC319245D76BF005840A2 /* Grid */ = {
			isa = PBXGroup;
			children = (
				FFAAC322245D8D10005840A2 /* GridCollectionViewCell.h */,
				FFAAC323245D8D10005840A2 /* GridCollectionViewCell.m */,
				FFAAC325245D8F48005840A2 /* GridCollectionView.h */,
				FFAAC326245D8F48005840A2 /* GridCollectionView.m */,
			);
			path = Grid;
			sourceTree = "<group>";
		};
		FFAAC328245D9D36005840A2 /* View_Models */ = {
			isa = PBXGroup;
			children = (
				FFAAC329245D9D48005840A2 /* ItemsViewModel.h */,
				FFAAC32A245D9D48005840A2 /* ItemsViewModel.m */,
			);
			path = View_Models;
			sourceTree = "<group>";
		};
		FFAAC32C245D9F6A005840A2 /* Controllers */ = {
			isa = PBXGroup;
			children = (
				FFAAC32D245D9F82005840A2 /* HomeViewController.h */,
				FFAAC32E245D9F82005840A2 /* HomeViewController.m */,
			);
			path = Controllers;
			sourceTree = "<group>";
		};
		FFC3BC6B245B1DFB00C6E7CF /* Common */ = {
			isa = PBXGroup;
			children = (
				FFC3BC6C245B1E0900C6E7CF /* Common.h */,
				FFC3BC6D245B1E0900C6E7CF /* Common.m */,
			);
			path = Common;
			sourceTree = "<group>";
		};
/* End PBXGroup section */

/* Begin PBXNativeTarget section */
		FF2E119F245B1154008A2DA2 /* spotify-home-objc */ = {
			isa = PBXNativeTarget;
			buildConfigurationList = FF2E11C4245B1155008A2DA2 /* Build configuration list for PBXNativeTarget "spotify-home-objc" */;
			buildPhases = (
				E9E7961BF2BF34B4F255D684 /* [CP] Check Pods Manifest.lock */,
				FF2E119C245B1154008A2DA2 /* Sources */,
				FF2E119D245B1154008A2DA2 /* Frameworks */,
				FF2E119E245B1154008A2DA2 /* Resources */,
				DEA7D5C7BC667504AB74DB31 /* [CP] Embed Pods Frameworks */,
			);
			buildRules = (
			);
			dependencies = (
			);
			name = "spotify-home-objc";
			productName = "spotify-home-objc";
			productReference = FF2E11A0245B1154008A2DA2 /* spotify-home-objc.app */;
			productType = "com.apple.product-type.application";
		};
		FF2E11BA245B1155008A2DA2 /* spotify-home-objcTests */ = {
			isa = PBXNativeTarget;
			buildConfigurationList = FF2E11C7245B1155008A2DA2 /* Build configuration list for PBXNativeTarget "spotify-home-objcTests" */;
			buildPhases = (
				181B75EE52483B784108BBA6 /* [CP] Check Pods Manifest.lock */,
				FF2E11B7245B1155008A2DA2 /* Sources */,
				FF2E11B8245B1155008A2DA2 /* Frameworks */,
				FF2E11B9245B1155008A2DA2 /* Resources */,
			);
			buildRules = (
			);
			dependencies = (
				FF2E11BD245B1155008A2DA2 /* PBXTargetDependency */,
			);
			name = "spotify-home-objcTests";
			productName = "spotify-home-objcTests";
			productReference = FF2E11BB245B1155008A2DA2 /* spotify-home-objcTests.xctest */;
			productType = "com.apple.product-type.bundle.unit-test";
		};
/* End PBXNativeTarget section */

/* Begin PBXProject section */
		FF2E1198245B1154008A2DA2 /* Project object */ = {
			isa = PBXProject;
			attributes = {
				LastUpgradeCheck = 1140;
				ORGANIZATIONNAME = "Azhar Anwar";
				TargetAttributes = {
					FF2E119F245B1154008A2DA2 = {
						CreatedOnToolsVersion = 11.4;
						LastSwiftMigration = 1140;
					};
					FF2E11BA245B1155008A2DA2 = {
						CreatedOnToolsVersion = 11.4;
						TestTargetID = FF2E119F245B1154008A2DA2;
					};
				};
			};
			buildConfigurationList = FF2E119B245B1154008A2DA2 /* Build configuration list for PBXProject "spotify-home-objc" */;
			compatibilityVersion = "Xcode 9.3";
			developmentRegion = en;
			hasScannedForEncodings = 0;
			knownRegions = (
				en,
				Base,
			);
			mainGroup = FF2E1197245B1154008A2DA2;
			productRefGroup = FF2E11A1245B1154008A2DA2 /* Products */;
			projectDirPath = "";
			projectRoot = "";
			targets = (
				FF2E119F245B1154008A2DA2 /* spotify-home-objc */,
				FF2E11BA245B1155008A2DA2 /* spotify-home-objcTests */,
			);
		};
/* End PBXProject section */

/* Begin PBXResourcesBuildPhase section */
		FF2E119E245B1154008A2DA2 /* Resources */ = {
			isa = PBXResourcesBuildPhase;
			buildActionMask = 2147483647;
			files = (
				FF509BD124600A7900890036 /* test-data.json in Resources */,
				FF2E11B3245B1155008A2DA2 /* LaunchScreen.storyboard in Resources */,
				FF2E11B0245B1155008A2DA2 /* Assets.xcassets in Resources */,
			);
			runOnlyForDeploymentPostprocessing = 0;
		};
		FF2E11B9245B1155008A2DA2 /* Resources */ = {
			isa = PBXResourcesBuildPhase;
			buildActionMask = 2147483647;
			files = (
			);
			runOnlyForDeploymentPostprocessing = 0;
		};
/* End PBXResourcesBuildPhase section */

/* Begin PBXShellScriptBuildPhase section */
		181B75EE52483B784108BBA6 /* [CP] Check Pods Manifest.lock */ = {
			isa = PBXShellScriptBuildPhase;
			buildActionMask = 2147483647;
			files = (
			);
			inputFileListPaths = (
			);
			inputPaths = (
				"${PODS_PODFILE_DIR_PATH}/Podfile.lock",
				"${PODS_ROOT}/Manifest.lock",
			);
			name = "[CP] Check Pods Manifest.lock";
			outputFileListPaths = (
			);
			outputPaths = (
				"$(DERIVED_FILE_DIR)/Pods-spotify-home-objcTests-checkManifestLockResult.txt",
			);
			runOnlyForDeploymentPostprocessing = 0;
			shellPath = /bin/sh;
			shellScript = "diff \"${PODS_PODFILE_DIR_PATH}/Podfile.lock\" \"${PODS_ROOT}/Manifest.lock\" > /dev/null\nif [ $? != 0 ] ; then\n    # print error to STDERR\n    echo \"error: The sandbox is not in sync with the Podfile.lock. Run 'pod install' or update your CocoaPods installation.\" >&2\n    exit 1\nfi\n# This output is used by Xcode 'outputs' to avoid re-running this script phase.\necho \"SUCCESS\" > \"${SCRIPT_OUTPUT_FILE_0}\"\n";
			showEnvVarsInLog = 0;
		};
		DEA7D5C7BC667504AB74DB31 /* [CP] Embed Pods Frameworks */ = {
			isa = PBXShellScriptBuildPhase;
			buildActionMask = 2147483647;
			files = (
			);
			inputFileListPaths = (
				"${PODS_ROOT}/Target Support Files/Pods-spotify-home-objc/Pods-spotify-home-objc-frameworks-${CONFIGURATION}-input-files.xcfilelist",
			);
			name = "[CP] Embed Pods Frameworks";
			outputFileListPaths = (
				"${PODS_ROOT}/Target Support Files/Pods-spotify-home-objc/Pods-spotify-home-objc-frameworks-${CONFIGURATION}-output-files.xcfilelist",
			);
			runOnlyForDeploymentPostprocessing = 0;
			shellPath = /bin/sh;
			shellScript = "\"${PODS_ROOT}/Target Support Files/Pods-spotify-home-objc/Pods-spotify-home-objc-frameworks.sh\"\n";
			showEnvVarsInLog = 0;
		};
		E9E7961BF2BF34B4F255D684 /* [CP] Check Pods Manifest.lock */ = {
			isa = PBXShellScriptBuildPhase;
			buildActionMask = 2147483647;
			files = (
			);
			inputFileListPaths = (
			);
			inputPaths = (
				"${PODS_PODFILE_DIR_PATH}/Podfile.lock",
				"${PODS_ROOT}/Manifest.lock",
			);
			name = "[CP] Check Pods Manifest.lock";
			outputFileListPaths = (
			);
			outputPaths = (
				"$(DERIVED_FILE_DIR)/Pods-spotify-home-objc-checkManifestLockResult.txt",
			);
			runOnlyForDeploymentPostprocessing = 0;
			shellPath = /bin/sh;
			shellScript = "diff \"${PODS_PODFILE_DIR_PATH}/Podfile.lock\" \"${PODS_ROOT}/Manifest.lock\" > /dev/null\nif [ $? != 0 ] ; then\n    # print error to STDERR\n    echo \"error: The sandbox is not in sync with the Podfile.lock. Run 'pod install' or update your CocoaPods installation.\" >&2\n    exit 1\nfi\n# This output is used by Xcode 'outputs' to avoid re-running this script phase.\necho \"SUCCESS\" > \"${SCRIPT_OUTPUT_FILE_0}\"\n";
			showEnvVarsInLog = 0;
		};
/* End PBXShellScriptBuildPhase section */

/* Begin PBXSourcesBuildPhase section */
		FF2E119C245B1154008A2DA2 /* Sources */ = {
			isa = PBXSourcesBuildPhase;
			buildActionMask = 2147483647;
			files = (
				FFAAC327245D8F48005840A2 /* GridCollectionView.m in Sources */,
				FFAAC321245D7B9D005840A2 /* CarouselCollectionViewCell.m in Sources */,
				FFAAC324245D8D10005840A2 /* GridCollectionViewCell.m in Sources */,
				FF164B0C245C71EA00536236 /* HomeTableView.m in Sources */,
				FF164AFB245C3CBC00536236 /* AnchoredConstraints.m in Sources */,
				FF164B07245C686C00536236 /* UIColor+BrandColors.m in Sources */,
				FF164B00245C51A500536236 /* SPTItemCellCollectionViewCell.m in Sources */,
				FFC3BC64245B19F100C6E7CF /* Track.m in Sources */,
				FF2E11A5245B1154008A2DA2 /* AppDelegate.m in Sources */,
				FF164B03245C650A00536236 /* MediaItemView.m in Sources */,
				FFAAC316245D6D77005840A2 /* GridTableViewCell.m in Sources */,
				FF164B10245C724100536236 /* CarouselTableViewCell.m in Sources */,
				FFAAC31C245D76ED005840A2 /* CarouselCollectionView.m in Sources */,
				FFC3BC6E245B1E0900C6E7CF /* Common.m in Sources */,
				FF2E11B6245B1155008A2DA2 /* main.m in Sources */,
				FF164AF8245C3B2D00536236 /* UIView+Extensions.m in Sources */,
				FFC3BC67245B1B0A00C6E7CF /* Album.m in Sources */,
				FFAAC32F245D9F82005840A2 /* HomeViewController.m in Sources */,
				FFC3BC6A245B1BCA00C6E7CF /* ItemImage.m in Sources */,
				FFC3BC61245B18CD00C6E7CF /* Artist.m in Sources */,
				FF2E11A8245B1154008A2DA2 /* SceneDelegate.m in Sources */,
				FFAAC32B245D9D48005840A2 /* ItemsViewModel.m in Sources */,
			);
			runOnlyForDeploymentPostprocessing = 0;
		};
		FF2E11B7245B1155008A2DA2 /* Sources */ = {
			isa = PBXSourcesBuildPhase;
			buildActionMask = 2147483647;
			files = (
				FF2E11C0245B1155008A2DA2 /* spotify_home_objcTests.m in Sources */,
			);
			runOnlyForDeploymentPostprocessing = 0;
		};
/* End PBXSourcesBuildPhase section */

/* Begin PBXTargetDependency section */
		FF2E11BD245B1155008A2DA2 /* PBXTargetDependency */ = {
			isa = PBXTargetDependency;
			target = FF2E119F245B1154008A2DA2 /* spotify-home-objc */;
			targetProxy = FF2E11BC245B1155008A2DA2 /* PBXContainerItemProxy */;
		};
/* End PBXTargetDependency section */

/* Begin PBXVariantGroup section */
		FF2E11B1245B1155008A2DA2 /* LaunchScreen.storyboard */ = {
			isa = PBXVariantGroup;
			children = (
				FF2E11B2245B1155008A2DA2 /* Base */,
			);
			name = LaunchScreen.storyboard;
			sourceTree = "<group>";
		};
/* End PBXVariantGroup section */

/* Begin XCBuildConfiguration section */
		FF2E11C2245B1155008A2DA2 /* Debug */ = {
			isa = XCBuildConfiguration;
			buildSettings = {
				ALWAYS_SEARCH_USER_PATHS = NO;
				CLANG_ANALYZER_NONNULL = YES;
				CLANG_ANALYZER_NUMBER_OBJECT_CONVERSION = YES_AGGRESSIVE;
				CLANG_CXX_LANGUAGE_STANDARD = "gnu++14";
				CLANG_CXX_LIBRARY = "libc++";
				CLANG_ENABLE_MODULES = YES;
				CLANG_ENABLE_OBJC_ARC = YES;
				CLANG_ENABLE_OBJC_WEAK = YES;
				CLANG_WARN_BLOCK_CAPTURE_AUTORELEASING = YES;
				CLANG_WARN_BOOL_CONVERSION = YES;
				CLANG_WARN_COMMA = YES;
				CLANG_WARN_CONSTANT_CONVERSION = YES;
				CLANG_WARN_DEPRECATED_OBJC_IMPLEMENTATIONS = YES;
				CLANG_WARN_DIRECT_OBJC_ISA_USAGE = YES_ERROR;
				CLANG_WARN_DOCUMENTATION_COMMENTS = YES;
				CLANG_WARN_EMPTY_BODY = YES;
				CLANG_WARN_ENUM_CONVERSION = YES;
				CLANG_WARN_INFINITE_RECURSION = YES;
				CLANG_WARN_INT_CONVERSION = YES;
				CLANG_WARN_NON_LITERAL_NULL_CONVERSION = YES;
				CLANG_WARN_OBJC_IMPLICIT_RETAIN_SELF = YES;
				CLANG_WARN_OBJC_LITERAL_CONVERSION = YES;
				CLANG_WARN_OBJC_ROOT_CLASS = YES_ERROR;
				CLANG_WARN_RANGE_LOOP_ANALYSIS = YES;
				CLANG_WARN_STRICT_PROTOTYPES = YES;
				CLANG_WARN_SUSPICIOUS_MOVE = YES;
				CLANG_WARN_UNGUARDED_AVAILABILITY = YES_AGGRESSIVE;
				CLANG_WARN_UNREACHABLE_CODE = YES;
				CLANG_WARN__DUPLICATE_METHOD_MATCH = YES;
				COPY_PHASE_STRIP = NO;
				DEBUG_INFORMATION_FORMAT = dwarf;
				ENABLE_STRICT_OBJC_MSGSEND = YES;
				ENABLE_TESTABILITY = YES;
				GCC_C_LANGUAGE_STANDARD = gnu11;
				GCC_DYNAMIC_NO_PIC = NO;
				GCC_NO_COMMON_BLOCKS = YES;
				GCC_OPTIMIZATION_LEVEL = 0;
				GCC_PREPROCESSOR_DEFINITIONS = (
					"DEBUG=1",
					"$(inherited)",
				);
				GCC_WARN_64_TO_32_BIT_CONVERSION = YES;
				GCC_WARN_ABOUT_RETURN_TYPE = YES_ERROR;
				GCC_WARN_UNDECLARED_SELECTOR = YES;
				GCC_WARN_UNINITIALIZED_AUTOS = YES_AGGRESSIVE;
				GCC_WARN_UNUSED_FUNCTION = YES;
				GCC_WARN_UNUSED_VARIABLE = YES;
				IPHONEOS_DEPLOYMENT_TARGET = 13.4;
				MTL_ENABLE_DEBUG_INFO = INCLUDE_SOURCE;
				MTL_FAST_MATH = YES;
				ONLY_ACTIVE_ARCH = YES;
				SDKROOT = iphoneos;
			};
			name = Debug;
		};
		FF2E11C3245B1155008A2DA2 /* Release */ = {
			isa = XCBuildConfiguration;
			buildSettings = {
				ALWAYS_SEARCH_USER_PATHS = NO;
				CLANG_ANALYZER_NONNULL = YES;
				CLANG_ANALYZER_NUMBER_OBJECT_CONVERSION = YES_AGGRESSIVE;
				CLANG_CXX_LANGUAGE_STANDARD = "gnu++14";
				CLANG_CXX_LIBRARY = "libc++";
				CLANG_ENABLE_MODULES = YES;
				CLANG_ENABLE_OBJC_ARC = YES;
				CLANG_ENABLE_OBJC_WEAK = YES;
				CLANG_WARN_BLOCK_CAPTURE_AUTORELEASING = YES;
				CLANG_WARN_BOOL_CONVERSION = YES;
				CLANG_WARN_COMMA = YES;
				CLANG_WARN_CONSTANT_CONVERSION = YES;
				CLANG_WARN_DEPRECATED_OBJC_IMPLEMENTATIONS = YES;
				CLANG_WARN_DIRECT_OBJC_ISA_USAGE = YES_ERROR;
				CLANG_WARN_DOCUMENTATION_COMMENTS = YES;
				CLANG_WARN_EMPTY_BODY = YES;
				CLANG_WARN_ENUM_CONVERSION = YES;
				CLANG_WARN_INFINITE_RECURSION = YES;
				CLANG_WARN_INT_CONVERSION = YES;
				CLANG_WARN_NON_LITERAL_NULL_CONVERSION = YES;
				CLANG_WARN_OBJC_IMPLICIT_RETAIN_SELF = YES;
				CLANG_WARN_OBJC_LITERAL_CONVERSION = YES;
				CLANG_WARN_OBJC_ROOT_CLASS = YES_ERROR;
				CLANG_WARN_RANGE_LOOP_ANALYSIS = YES;
				CLANG_WARN_STRICT_PROTOTYPES = YES;
				CLANG_WARN_SUSPICIOUS_MOVE = YES;
				CLANG_WARN_UNGUARDED_AVAILABILITY = YES_AGGRESSIVE;
				CLANG_WARN_UNREACHABLE_CODE = YES;
				CLANG_WARN__DUPLICATE_METHOD_MATCH = YES;
				COPY_PHASE_STRIP = NO;
				DEBUG_INFORMATION_FORMAT = "dwarf-with-dsym";
				ENABLE_NS_ASSERTIONS = NO;
				ENABLE_STRICT_OBJC_MSGSEND = YES;
				GCC_C_LANGUAGE_STANDARD = gnu11;
				GCC_NO_COMMON_BLOCKS = YES;
				GCC_WARN_64_TO_32_BIT_CONVERSION = YES;
				GCC_WARN_ABOUT_RETURN_TYPE = YES_ERROR;
				GCC_WARN_UNDECLARED_SELECTOR = YES;
				GCC_WARN_UNINITIALIZED_AUTOS = YES_AGGRESSIVE;
				GCC_WARN_UNUSED_FUNCTION = YES;
				GCC_WARN_UNUSED_VARIABLE = YES;
				IPHONEOS_DEPLOYMENT_TARGET = 13.4;
				MTL_ENABLE_DEBUG_INFO = NO;
				MTL_FAST_MATH = YES;
				SDKROOT = iphoneos;
				VALIDATE_PRODUCT = YES;
			};
			name = Release;
		};
		FF2E11C5245B1155008A2DA2 /* Debug */ = {
			isa = XCBuildConfiguration;
			baseConfigurationReference = C97313F86BB47C0D24911656 /* Pods-spotify-home-objc.debug.xcconfig */;
			buildSettings = {
				ALWAYS_EMBED_SWIFT_STANDARD_LIBRARIES = YES;
				ASSETCATALOG_COMPILER_APPICON_NAME = AppIcon;
				CLANG_ENABLE_MODULES = YES;
				CODE_SIGN_STYLE = Automatic;
				DEFINES_MODULE = YES;
				DEVELOPMENT_TEAM = RD7HUSH4T7;
				INFOPLIST_FILE = "spotify-home-objc/Info.plist";
				LD_RUNPATH_SEARCH_PATHS = (
					"$(inherited)",
					"@executable_path/Frameworks",
				);
				PRODUCT_BUNDLE_IDENTIFIER = "com.azharanwar.spotify-home-objc";
				PRODUCT_NAME = "$(TARGET_NAME)";
				SWIFT_OBJC_BRIDGING_HEADER = "spotify-home-objc/spotify-home-objc-Bridging-Header.h";
				SWIFT_OPTIMIZATION_LEVEL = "-Onone";
				SWIFT_VERSION = 5.0;
				TARGETED_DEVICE_FAMILY = "1,2";
			};
			name = Debug;
		};
		FF2E11C6245B1155008A2DA2 /* Release */ = {
			isa = XCBuildConfiguration;
			baseConfigurationReference = 43AD5707D849E295305C79B4 /* Pods-spotify-home-objc.release.xcconfig */;
			buildSettings = {
				ALWAYS_EMBED_SWIFT_STANDARD_LIBRARIES = YES;
				ASSETCATALOG_COMPILER_APPICON_NAME = AppIcon;
				CLANG_ENABLE_MODULES = YES;
				CODE_SIGN_STYLE = Automatic;
				DEFINES_MODULE = YES;
				DEVELOPMENT_TEAM = RD7HUSH4T7;
				INFOPLIST_FILE = "spotify-home-objc/Info.plist";
				LD_RUNPATH_SEARCH_PATHS = (
					"$(inherited)",
					"@executable_path/Frameworks",
				);
				PRODUCT_BUNDLE_IDENTIFIER = "com.azharanwar.spotify-home-objc";
				PRODUCT_NAME = "$(TARGET_NAME)";
				SWIFT_OBJC_BRIDGING_HEADER = "spotify-home-objc/spotify-home-objc-Bridging-Header.h";
				SWIFT_VERSION = 5.0;
				TARGETED_DEVICE_FAMILY = "1,2";
			};
			name = Release;
		};
		FF2E11C8245B1155008A2DA2 /* Debug */ = {
			isa = XCBuildConfiguration;
			baseConfigurationReference = E73D448719E643EACA8DF66E /* Pods-spotify-home-objcTests.debug.xcconfig */;
			buildSettings = {
				BUNDLE_LOADER = "$(TEST_HOST)";
				CODE_SIGN_STYLE = Automatic;
				DEVELOPMENT_TEAM = RD7HUSH4T7;
				INFOPLIST_FILE = "spotify-home-objcTests/Info.plist";
				IPHONEOS_DEPLOYMENT_TARGET = 13.4;
				LD_RUNPATH_SEARCH_PATHS = (
					"$(inherited)",
					"@executable_path/Frameworks",
					"@loader_path/Frameworks",
				);
				PRODUCT_BUNDLE_IDENTIFIER = "com.azharanwar.spotify-home-objcTests";
				PRODUCT_NAME = "$(TARGET_NAME)";
				TARGETED_DEVICE_FAMILY = "1,2";
				TEST_HOST = "$(BUILT_PRODUCTS_DIR)/spotify-home-objc.app/spotify-home-objc";
			};
			name = Debug;
		};
		FF2E11C9245B1155008A2DA2 /* Release */ = {
			isa = XCBuildConfiguration;
			baseConfigurationReference = 79F4F4237906B1232AC776C7 /* Pods-spotify-home-objcTests.release.xcconfig */;
			buildSettings = {
				BUNDLE_LOADER = "$(TEST_HOST)";
				CODE_SIGN_STYLE = Automatic;
				DEVELOPMENT_TEAM = RD7HUSH4T7;
				INFOPLIST_FILE = "spotify-home-objcTests/Info.plist";
				IPHONEOS_DEPLOYMENT_TARGET = 13.4;
				LD_RUNPATH_SEARCH_PATHS = (
					"$(inherited)",
					"@executable_path/Frameworks",
					"@loader_path/Frameworks",
				);
				PRODUCT_BUNDLE_IDENTIFIER = "com.azharanwar.spotify-home-objcTests";
				PRODUCT_NAME = "$(TARGET_NAME)";
				TARGETED_DEVICE_FAMILY = "1,2";
				TEST_HOST = "$(BUILT_PRODUCTS_DIR)/spotify-home-objc.app/spotify-home-objc";
			};
			name = Release;
		};
/* End XCBuildConfiguration section */

/* Begin XCConfigurationList section */
		FF2E119B245B1154008A2DA2 /* Build configuration list for PBXProject "spotify-home-objc" */ = {
			isa = XCConfigurationList;
			buildConfigurations = (
				FF2E11C2245B1155008A2DA2 /* Debug */,
				FF2E11C3245B1155008A2DA2 /* Release */,
			);
			defaultConfigurationIsVisible = 0;
			defaultConfigurationName = Release;
		};
		FF2E11C4245B1155008A2DA2 /* Build configuration list for PBXNativeTarget "spotify-home-objc" */ = {
			isa = XCConfigurationList;
			buildConfigurations = (
				FF2E11C5245B1155008A2DA2 /* Debug */,
				FF2E11C6245B1155008A2DA2 /* Release */,
			);
			defaultConfigurationIsVisible = 0;
			defaultConfigurationName = Release;
		};
		FF2E11C7245B1155008A2DA2 /* Build configuration list for PBXNativeTarget "spotify-home-objcTests" */ = {
			isa = XCConfigurationList;
			buildConfigurations = (
				FF2E11C8245B1155008A2DA2 /* Debug */,
				FF2E11C9245B1155008A2DA2 /* Release */,
			);
			defaultConfigurationIsVisible = 0;
			defaultConfigurationName = Release;
		};
/* End XCConfigurationList section */
	};
	rootObject = FF2E1198245B1154008A2DA2 /* Project object */;
}
